// !$*UTF8*$!
{
	archiveVersion = 1;
	classes = {
	};
	objectVersion = 56;
	objects = {

/* Begin PBXBuildFile section */
		6E8B14A02ADAEF1E00AF550B /* WidgetKit.framework in Frameworks */ = {isa = PBXBuildFile; fileRef = 6E8B149F2ADAEF1E00AF550B /* WidgetKit.framework */; };
		6E8B14A22ADAEF1E00AF550B /* SwiftUI.framework in Frameworks */ = {isa = PBXBuildFile; fileRef = 6E8B14A12ADAEF1E00AF550B /* SwiftUI.framework */; };
		6E8B14A52ADAEF1E00AF550B /* ApiWidgetBundle.swift in Sources */ = {isa = PBXBuildFile; fileRef = 6E8B14A42ADAEF1E00AF550B /* ApiWidgetBundle.swift */; };
		6E8B14A72ADAEF1E00AF550B /* ApiWidget.swift in Sources */ = {isa = PBXBuildFile; fileRef = 6E8B14A62ADAEF1E00AF550B /* ApiWidget.swift */; };
		6E8B14AA2ADAEF2000AF550B /* Assets.xcassets in Resources */ = {isa = PBXBuildFile; fileRef = 6E8B14A92ADAEF2000AF550B /* Assets.xcassets */; };
		6E8B14AC2ADAEF2000AF550B /* ApiWidget.intentdefinition in Sources */ = {isa = PBXBuildFile; fileRef = 6E8B14A82ADAEF1E00AF550B /* ApiWidget.intentdefinition */; };
		6E8B14AD2ADAEF2000AF550B /* ApiWidget.intentdefinition in Sources */ = {isa = PBXBuildFile; fileRef = 6E8B14A82ADAEF1E00AF550B /* ApiWidget.intentdefinition */; };
		6E8B14B02ADAEF2000AF550B /* ApiWidgetExtension.appex in Embed Foundation Extensions */ = {isa = PBXBuildFile; fileRef = 6E8B149D2ADAEF1E00AF550B /* ApiWidgetExtension.appex */; settings = {ATTRIBUTES = (RemoveHeadersOnCopy, ); }; };
		6E8B14B42ADB81E800AF550B /* ApiModel.swift in Sources */ = {isa = PBXBuildFile; fileRef = 6EF3DAAB2A823920002084B2 /* ApiModel.swift */; };
		6EC8F8592A837117003575D5 /* ShareViewController.swift in Sources */ = {isa = PBXBuildFile; fileRef = 6EC8F8582A837117003575D5 /* ShareViewController.swift */; };
		6EC8F85C2A837117003575D5 /* MainInterface.storyboard in Resources */ = {isa = PBXBuildFile; fileRef = 6EC8F85A2A837117003575D5 /* MainInterface.storyboard */; };
		6EC8F8602A837117003575D5 /* harFiles.appex in Embed Foundation Extensions */ = {isa = PBXBuildFile; fileRef = 6EC8F8562A837117003575D5 /* harFiles.appex */; settings = {ATTRIBUTES = (RemoveHeadersOnCopy, ); }; };
		6EC8F8642A837143003575D5 /* ApiView.swift in Sources */ = {isa = PBXBuildFile; fileRef = 6EF3DAAF2A823968002084B2 /* ApiView.swift */; };
		6EC8F8652A837146003575D5 /* ApiModel.swift in Sources */ = {isa = PBXBuildFile; fileRef = 6EF3DAAB2A823920002084B2 /* ApiModel.swift */; };
		6EC8F8662A83716C003575D5 /* View+Extension.swift in Sources */ = {isa = PBXBuildFile; fileRef = 6EF3DAA72A8238E8002084B2 /* View+Extension.swift */; };
		6EF3DA9A2A82381F002084B2 /* ApiBoxApp.swift in Sources */ = {isa = PBXBuildFile; fileRef = 6EF3DA992A82381F002084B2 /* ApiBoxApp.swift */; };
		6EF3DA9C2A82381F002084B2 /* MainView.swift in Sources */ = {isa = PBXBuildFile; fileRef = 6EF3DA9B2A82381F002084B2 /* MainView.swift */; };
		6EF3DA9E2A823825002084B2 /* Assets.xcassets in Resources */ = {isa = PBXBuildFile; fileRef = 6EF3DA9D2A823825002084B2 /* Assets.xcassets */; };
		6EF3DAA12A823825002084B2 /* Preview Assets.xcassets in Resources */ = {isa = PBXBuildFile; fileRef = 6EF3DAA02A823825002084B2 /* Preview Assets.xcassets */; };
		6EF3DAA82A8238E8002084B2 /* View+Extension.swift in Sources */ = {isa = PBXBuildFile; fileRef = 6EF3DAA72A8238E8002084B2 /* View+Extension.swift */; };
		6EF3DAAA2A8238FC002084B2 /* ListViewItem.swift in Sources */ = {isa = PBXBuildFile; fileRef = 6EF3DAA92A8238FC002084B2 /* ListViewItem.swift */; };
		6EF3DAAC2A823920002084B2 /* ApiModel.swift in Sources */ = {isa = PBXBuildFile; fileRef = 6EF3DAAB2A823920002084B2 /* ApiModel.swift */; };
		6EF3DAB02A823968002084B2 /* ApiView.swift in Sources */ = {isa = PBXBuildFile; fileRef = 6EF3DAAF2A823968002084B2 /* ApiView.swift */; };
/* End PBXBuildFile section */

/* Begin PBXContainerItemProxy section */
		6E8B14AE2ADAEF2000AF550B /* PBXContainerItemProxy */ = {
			isa = PBXContainerItemProxy;
			containerPortal = 6EF3DA8E2A82381F002084B2 /* Project object */;
			proxyType = 1;
			remoteGlobalIDString = 6E8B149C2ADAEF1E00AF550B;
			remoteInfo = ApiWidgetExtension;
		};
		6EC8F85E2A837117003575D5 /* PBXContainerItemProxy */ = {
			isa = PBXContainerItemProxy;
			containerPortal = 6EF3DA8E2A82381F002084B2 /* Project object */;
			proxyType = 1;
			remoteGlobalIDString = 6EC8F8552A837117003575D5;
			remoteInfo = harFiles;
		};
/* End PBXContainerItemProxy section */

/* Begin PBXCopyFilesBuildPhase section */
		6EC8F84B2A835532003575D5 /* Embed Foundation Extensions */ = {
			isa = PBXCopyFilesBuildPhase;
			buildActionMask = 2147483647;
			dstPath = "";
			dstSubfolderSpec = 13;
			files = (
				6EC8F8602A837117003575D5 /* harFiles.appex in Embed Foundation Extensions */,
				6E8B14B02ADAEF2000AF550B /* ApiWidgetExtension.appex in Embed Foundation Extensions */,
			);
			name = "Embed Foundation Extensions";
			runOnlyForDeploymentPostprocessing = 0;
		};
/* End PBXCopyFilesBuildPhase section */

/* Begin PBXFileReference section */
		6E8B149D2ADAEF1E00AF550B /* ApiWidgetExtension.appex */ = {isa = PBXFileReference; explicitFileType = "wrapper.app-extension"; includeInIndex = 0; path = ApiWidgetExtension.appex; sourceTree = BUILT_PRODUCTS_DIR; };
		6E8B149F2ADAEF1E00AF550B /* WidgetKit.framework */ = {isa = PBXFileReference; lastKnownFileType = wrapper.framework; name = WidgetKit.framework; path = System/Library/Frameworks/WidgetKit.framework; sourceTree = SDKROOT; };
		6E8B14A12ADAEF1E00AF550B /* SwiftUI.framework */ = {isa = PBXFileReference; lastKnownFileType = wrapper.framework; name = SwiftUI.framework; path = System/Library/Frameworks/SwiftUI.framework; sourceTree = SDKROOT; };
		6E8B14A42ADAEF1E00AF550B /* ApiWidgetBundle.swift */ = {isa = PBXFileReference; lastKnownFileType = sourcecode.swift; path = ApiWidgetBundle.swift; sourceTree = "<group>"; };
		6E8B14A62ADAEF1E00AF550B /* ApiWidget.swift */ = {isa = PBXFileReference; lastKnownFileType = sourcecode.swift; path = ApiWidget.swift; sourceTree = "<group>"; };
		6E8B14A82ADAEF1E00AF550B /* ApiWidget.intentdefinition */ = {isa = PBXFileReference; lastKnownFileType = file.intentdefinition; path = ApiWidget.intentdefinition; sourceTree = "<group>"; };
		6E8B14A92ADAEF2000AF550B /* Assets.xcassets */ = {isa = PBXFileReference; lastKnownFileType = folder.assetcatalog; path = Assets.xcassets; sourceTree = "<group>"; };
		6E8B14AB2ADAEF2000AF550B /* Info.plist */ = {isa = PBXFileReference; lastKnownFileType = text.plist.xml; path = Info.plist; sourceTree = "<group>"; };
		6E8B14B52ADBC05900AF550B /* ApiWidgetExtension.entitlements */ = {isa = PBXFileReference; lastKnownFileType = text.plist.entitlements; path = ApiWidgetExtension.entitlements; sourceTree = "<group>"; };
		6E8B14BA2ADBC9A900AF550B /* Info.plist */ = {isa = PBXFileReference; lastKnownFileType = text.plist; path = Info.plist; sourceTree = "<group>"; };
		6EC8F8562A837117003575D5 /* harFiles.appex */ = {isa = PBXFileReference; explicitFileType = "wrapper.app-extension"; includeInIndex = 0; path = harFiles.appex; sourceTree = BUILT_PRODUCTS_DIR; };
		6EC8F8582A837117003575D5 /* ShareViewController.swift */ = {isa = PBXFileReference; lastKnownFileType = sourcecode.swift; path = ShareViewController.swift; sourceTree = "<group>"; };
		6EC8F85B2A837117003575D5 /* Base */ = {isa = PBXFileReference; lastKnownFileType = file.storyboard; name = Base; path = Base.lproj/MainInterface.storyboard; sourceTree = "<group>"; };
		6EC8F85D2A837117003575D5 /* Info.plist */ = {isa = PBXFileReference; lastKnownFileType = text.plist.xml; path = Info.plist; sourceTree = "<group>"; };
		6EC8F8672A84EB78003575D5 /* ApiBox.entitlements */ = {isa = PBXFileReference; lastKnownFileType = text.plist.entitlements; path = ApiBox.entitlements; sourceTree = "<group>"; };
		6EC8F8682A84EECD003575D5 /* harFiles.entitlements */ = {isa = PBXFileReference; lastKnownFileType = text.plist.entitlements; path = harFiles.entitlements; sourceTree = "<group>"; };
		6EF3DA962A82381F002084B2 /* ApiBox.app */ = {isa = PBXFileReference; explicitFileType = wrapper.application; includeInIndex = 0; path = ApiBox.app; sourceTree = BUILT_PRODUCTS_DIR; };
		6EF3DA992A82381F002084B2 /* ApiBoxApp.swift */ = {isa = PBXFileReference; lastKnownFileType = sourcecode.swift; path = ApiBoxApp.swift; sourceTree = "<group>"; };
		6EF3DA9B2A82381F002084B2 /* MainView.swift */ = {isa = PBXFileReference; indentWidth = 2; lastKnownFileType = sourcecode.swift; path = MainView.swift; sourceTree = "<group>"; tabWidth = 2; };
		6EF3DA9D2A823825002084B2 /* Assets.xcassets */ = {isa = PBXFileReference; lastKnownFileType = folder.assetcatalog; path = Assets.xcassets; sourceTree = "<group>"; };
		6EF3DAA02A823825002084B2 /* Preview Assets.xcassets */ = {isa = PBXFileReference; lastKnownFileType = folder.assetcatalog; path = "Preview Assets.xcassets"; sourceTree = "<group>"; };
		6EF3DAA72A8238E8002084B2 /* View+Extension.swift */ = {isa = PBXFileReference; lastKnownFileType = sourcecode.swift; path = "View+Extension.swift"; sourceTree = "<group>"; };
		6EF3DAA92A8238FC002084B2 /* ListViewItem.swift */ = {isa = PBXFileReference; lastKnownFileType = sourcecode.swift; path = ListViewItem.swift; sourceTree = "<group>"; };
		6EF3DAAB2A823920002084B2 /* ApiModel.swift */ = {isa = PBXFileReference; lastKnownFileType = sourcecode.swift; path = ApiModel.swift; sourceTree = "<group>"; };
		6EF3DAAF2A823968002084B2 /* ApiView.swift */ = {isa = PBXFileReference; lastKnownFileType = sourcecode.swift; path = ApiView.swift; sourceTree = "<group>"; };
/* End PBXFileReference section */

/* Begin PBXFrameworksBuildPhase section */
		6E8B149A2ADAEF1E00AF550B /* Frameworks */ = {
			isa = PBXFrameworksBuildPhase;
			buildActionMask = 2147483647;
			files = (
				6E8B14A22ADAEF1E00AF550B /* SwiftUI.framework in Frameworks */,
				6E8B14A02ADAEF1E00AF550B /* WidgetKit.framework in Frameworks */,
			);
			runOnlyForDeploymentPostprocessing = 0;
		};
		6EC8F8532A837117003575D5 /* Frameworks */ = {
			isa = PBXFrameworksBuildPhase;
			buildActionMask = 2147483647;
			files = (
			);
			runOnlyForDeploymentPostprocessing = 0;
		};
		6EF3DA932A82381F002084B2 /* Frameworks */ = {
			isa = PBXFrameworksBuildPhase;
			buildActionMask = 2147483647;
			files = (
			);
			runOnlyForDeploymentPostprocessing = 0;
		};
/* End PBXFrameworksBuildPhase section */

/* Begin PBXGroup section */
		6E8B149E2ADAEF1E00AF550B /* Frameworks */ = {
			isa = PBXGroup;
			children = (
				6E8B149F2ADAEF1E00AF550B /* WidgetKit.framework */,
				6E8B14A12ADAEF1E00AF550B /* SwiftUI.framework */,
			);
			name = Frameworks;
			sourceTree = "<group>";
		};
		6E8B14A32ADAEF1E00AF550B /* ApiWidget */ = {
			isa = PBXGroup;
			children = (
				6E8B14A42ADAEF1E00AF550B /* ApiWidgetBundle.swift */,
				6E8B14A62ADAEF1E00AF550B /* ApiWidget.swift */,
				6E8B14A82ADAEF1E00AF550B /* ApiWidget.intentdefinition */,
				6E8B14A92ADAEF2000AF550B /* Assets.xcassets */,
				6E8B14AB2ADAEF2000AF550B /* Info.plist */,
			);
			path = ApiWidget;
			sourceTree = "<group>";
		};
		6EC8F8572A837117003575D5 /* harFiles */ = {
			isa = PBXGroup;
			children = (
				6EC8F8682A84EECD003575D5 /* harFiles.entitlements */,
				6EC8F8582A837117003575D5 /* ShareViewController.swift */,
				6EC8F85A2A837117003575D5 /* MainInterface.storyboard */,
				6EC8F85D2A837117003575D5 /* Info.plist */,
			);
			path = harFiles;
			sourceTree = "<group>";
		};
		6EF3DA8D2A82381F002084B2 = {
			isa = PBXGroup;
			children = (
				6E8B14B52ADBC05900AF550B /* ApiWidgetExtension.entitlements */,
				6EF3DA982A82381F002084B2 /* ApiBox */,
				6EC8F8572A837117003575D5 /* harFiles */,
				6E8B14A32ADAEF1E00AF550B /* ApiWidget */,
				6E8B149E2ADAEF1E00AF550B /* Frameworks */,
				6EF3DA972A82381F002084B2 /* Products */,
			);
			sourceTree = "<group>";
		};
		6EF3DA972A82381F002084B2 /* Products */ = {
			isa = PBXGroup;
			children = (
				6EF3DA962A82381F002084B2 /* ApiBox.app */,
				6EC8F8562A837117003575D5 /* harFiles.appex */,
				6E8B149D2ADAEF1E00AF550B /* ApiWidgetExtension.appex */,
			);
			name = Products;
			sourceTree = "<group>";
		};
		6EF3DA982A82381F002084B2 /* ApiBox */ = {
			isa = PBXGroup;
			children = (
				6E8B14BA2ADBC9A900AF550B /* Info.plist */,
				6EC8F8672A84EB78003575D5 /* ApiBox.entitlements */,
				6EF3DA992A82381F002084B2 /* ApiBoxApp.swift */,
				6EF3DA9B2A82381F002084B2 /* MainView.swift */,
				6EF3DA9D2A823825002084B2 /* Assets.xcassets */,
				6EF3DAA72A8238E8002084B2 /* View+Extension.swift */,
				6EF3DA9F2A823825002084B2 /* Preview Content */,
				6EF3DAA92A8238FC002084B2 /* ListViewItem.swift */,
				6EF3DAAB2A823920002084B2 /* ApiModel.swift */,
				6EF3DAAF2A823968002084B2 /* ApiView.swift */,
			);
			path = ApiBox;
			sourceTree = "<group>";
		};
		6EF3DA9F2A823825002084B2 /* Preview Content */ = {
			isa = PBXGroup;
			children = (
				6EF3DAA02A823825002084B2 /* Preview Assets.xcassets */,
			);
			path = "Preview Content";
			sourceTree = "<group>";
		};
/* End PBXGroup section */

/* Begin PBXNativeTarget section */
		6E8B149C2ADAEF1E00AF550B /* ApiWidgetExtension */ = {
			isa = PBXNativeTarget;
			buildConfigurationList = 6E8B14B32ADAEF2000AF550B /* Build configuration list for PBXNativeTarget "ApiWidgetExtension" */;
			buildPhases = (
				6E8B14992ADAEF1E00AF550B /* Sources */,
				6E8B149A2ADAEF1E00AF550B /* Frameworks */,
				6E8B149B2ADAEF1E00AF550B /* Resources */,
			);
			buildRules = (
			);
			dependencies = (
			);
			name = ApiWidgetExtension;
			productName = ApiWidgetExtension;
			productReference = 6E8B149D2ADAEF1E00AF550B /* ApiWidgetExtension.appex */;
			productType = "com.apple.product-type.app-extension";
		};
		6EC8F8552A837117003575D5 /* harFiles */ = {
			isa = PBXNativeTarget;
			buildConfigurationList = 6EC8F8612A837117003575D5 /* Build configuration list for PBXNativeTarget "harFiles" */;
			buildPhases = (
				6EC8F8522A837117003575D5 /* Sources */,
				6EC8F8532A837117003575D5 /* Frameworks */,
				6EC8F8542A837117003575D5 /* Resources */,
			);
			buildRules = (
			);
			dependencies = (
			);
			name = harFiles;
			productName = harFiles;
			productReference = 6EC8F8562A837117003575D5 /* harFiles.appex */;
			productType = "com.apple.product-type.app-extension";
		};
		6EF3DA952A82381F002084B2 /* ApiBox */ = {
			isa = PBXNativeTarget;
			buildConfigurationList = 6EF3DAA42A823825002084B2 /* Build configuration list for PBXNativeTarget "ApiBox" */;
			buildPhases = (
				6EF3DA922A82381F002084B2 /* Sources */,
				6EF3DA932A82381F002084B2 /* Frameworks */,
				6EF3DA942A82381F002084B2 /* Resources */,
				6EC8F84B2A835532003575D5 /* Embed Foundation Extensions */,
			);
			buildRules = (
			);
			dependencies = (
				6EC8F85F2A837117003575D5 /* PBXTargetDependency */,
				6E8B14AF2ADAEF2000AF550B /* PBXTargetDependency */,
			);
			name = ApiBox;
			productName = ApiBox;
			productReference = 6EF3DA962A82381F002084B2 /* ApiBox.app */;
			productType = "com.apple.product-type.application";
		};
/* End PBXNativeTarget section */

/* Begin PBXProject section */
		6EF3DA8E2A82381F002084B2 /* Project object */ = {
			isa = PBXProject;
			attributes = {
				BuildIndependentTargetsInParallel = 1;
				LastSwiftUpdateCheck = 1430;
				LastUpgradeCheck = 1500;
				TargetAttributes = {
					6E8B149C2ADAEF1E00AF550B = {
						CreatedOnToolsVersion = 14.3.1;
					};
					6EC8F8552A837117003575D5 = {
						CreatedOnToolsVersion = 15.0;
					};
					6EF3DA952A82381F002084B2 = {
						CreatedOnToolsVersion = 15.0;
					};
				};
			};
			buildConfigurationList = 6EF3DA912A82381F002084B2 /* Build configuration list for PBXProject "ApiBox" */;
			compatibilityVersion = "Xcode 14.0";
			developmentRegion = en;
			hasScannedForEncodings = 0;
			knownRegions = (
				en,
				Base,
			);
			mainGroup = 6EF3DA8D2A82381F002084B2;
			productRefGroup = 6EF3DA972A82381F002084B2 /* Products */;
			projectDirPath = "";
			projectRoot = "";
			targets = (
				6EF3DA952A82381F002084B2 /* ApiBox */,
				6EC8F8552A837117003575D5 /* harFiles */,
				6E8B149C2ADAEF1E00AF550B /* ApiWidgetExtension */,
			);
		};
/* End PBXProject section */

/* Begin PBXResourcesBuildPhase section */
		6E8B149B2ADAEF1E00AF550B /* Resources */ = {
			isa = PBXResourcesBuildPhase;
			buildActionMask = 2147483647;
			files = (
				6E8B14AA2ADAEF2000AF550B /* Assets.xcassets in Resources */,
			);
			runOnlyForDeploymentPostprocessing = 0;
		};
		6EC8F8542A837117003575D5 /* Resources */ = {
			isa = PBXResourcesBuildPhase;
			buildActionMask = 2147483647;
			files = (
				6EC8F85C2A837117003575D5 /* MainInterface.storyboard in Resources */,
			);
			runOnlyForDeploymentPostprocessing = 0;
		};
		6EF3DA942A82381F002084B2 /* Resources */ = {
			isa = PBXResourcesBuildPhase;
			buildActionMask = 2147483647;
			files = (
				6EF3DAA12A823825002084B2 /* Preview Assets.xcassets in Resources */,
				6EF3DA9E2A823825002084B2 /* Assets.xcassets in Resources */,
			);
			runOnlyForDeploymentPostprocessing = 0;
		};
/* End PBXResourcesBuildPhase section */

/* Begin PBXSourcesBuildPhase section */
		6E8B14992ADAEF1E00AF550B /* Sources */ = {
			isa = PBXSourcesBuildPhase;
			buildActionMask = 2147483647;
			files = (
				6E8B14B42ADB81E800AF550B /* ApiModel.swift in Sources */,
				6E8B14A72ADAEF1E00AF550B /* ApiWidget.swift in Sources */,
				6E8B14A52ADAEF1E00AF550B /* ApiWidgetBundle.swift in Sources */,
				6E8B14AC2ADAEF2000AF550B /* ApiWidget.intentdefinition in Sources */,
			);
			runOnlyForDeploymentPostprocessing = 0;
		};
		6EC8F8522A837117003575D5 /* Sources */ = {
			isa = PBXSourcesBuildPhase;
			buildActionMask = 2147483647;
			files = (
				6EC8F8592A837117003575D5 /* ShareViewController.swift in Sources */,
				6EC8F8652A837146003575D5 /* ApiModel.swift in Sources */,
				6EC8F8662A83716C003575D5 /* View+Extension.swift in Sources */,
				6EC8F8642A837143003575D5 /* ApiView.swift in Sources */,
			);
			runOnlyForDeploymentPostprocessing = 0;
		};
		6EF3DA922A82381F002084B2 /* Sources */ = {
			isa = PBXSourcesBuildPhase;
			buildActionMask = 2147483647;
			files = (
				6E8B14AD2ADAEF2000AF550B /* ApiWidget.intentdefinition in Sources */,
				6EF3DA9C2A82381F002084B2 /* MainView.swift in Sources */,
				6EF3DAA82A8238E8002084B2 /* View+Extension.swift in Sources */,
				6EF3DA9A2A82381F002084B2 /* ApiBoxApp.swift in Sources */,
				6EF3DAB02A823968002084B2 /* ApiView.swift in Sources */,
				6EF3DAAA2A8238FC002084B2 /* ListViewItem.swift in Sources */,
				6EF3DAAC2A823920002084B2 /* ApiModel.swift in Sources */,
			);
			runOnlyForDeploymentPostprocessing = 0;
		};
/* End PBXSourcesBuildPhase section */

/* Begin PBXTargetDependency section */
		6E8B14AF2ADAEF2000AF550B /* PBXTargetDependency */ = {
			isa = PBXTargetDependency;
			target = 6E8B149C2ADAEF1E00AF550B /* ApiWidgetExtension */;
			targetProxy = 6E8B14AE2ADAEF2000AF550B /* PBXContainerItemProxy */;
		};
		6EC8F85F2A837117003575D5 /* PBXTargetDependency */ = {
			isa = PBXTargetDependency;
			target = 6EC8F8552A837117003575D5 /* harFiles */;
			targetProxy = 6EC8F85E2A837117003575D5 /* PBXContainerItemProxy */;
		};
/* End PBXTargetDependency section */

/* Begin PBXVariantGroup section */
		6EC8F85A2A837117003575D5 /* MainInterface.storyboard */ = {
			isa = PBXVariantGroup;
			children = (
				6EC8F85B2A837117003575D5 /* Base */,
			);
			name = MainInterface.storyboard;
			sourceTree = "<group>";
		};
/* End PBXVariantGroup section */

/* Begin XCBuildConfiguration section */
		6E8B14B12ADAEF2000AF550B /* Debug */ = {
			isa = XCBuildConfiguration;
			buildSettings = {
				ASSETCATALOG_COMPILER_GLOBAL_ACCENT_COLOR_NAME = AccentColor;
				ASSETCATALOG_COMPILER_WIDGET_BACKGROUND_COLOR_NAME = WidgetBackground;
				CODE_SIGN_ENTITLEMENTS = ApiWidgetExtension.entitlements;
				CODE_SIGN_STYLE = Automatic;
				CURRENT_PROJECT_VERSION = 1;
				DEVELOPMENT_TEAM = 5DM28AP3A2;
				GCC_C_LANGUAGE_STANDARD = gnu11;
				GENERATE_INFOPLIST_FILE = YES;
				INFOPLIST_FILE = ApiWidget/Info.plist;
				INFOPLIST_KEY_CFBundleDisplayName = ApiWidget;
				INFOPLIST_KEY_NSHumanReadableCopyright = "";
				IPHONEOS_DEPLOYMENT_TARGET = 16.4;
				LD_RUNPATH_SEARCH_PATHS = (
					"$(inherited)",
					"@executable_path/Frameworks",
					"@executable_path/../../Frameworks",
				);
				MARKETING_VERSION = 1.0;
				PRODUCT_BUNDLE_IDENTIFIER = cn.cddchen.ApiBox.ApiWidget;
				PRODUCT_NAME = "$(TARGET_NAME)";
				SKIP_INSTALL = YES;
				SWIFT_ACTIVE_COMPILATION_CONDITIONS = DEBUG;
				SWIFT_EMIT_LOC_STRINGS = YES;
				SWIFT_VERSION = 5.0;
				TARGETED_DEVICE_FAMILY = "1,2";
			};
			name = Debug;
		};
		6E8B14B22ADAEF2000AF550B /* Release */ = {
			isa = XCBuildConfiguration;
			buildSettings = {
				ASSETCATALOG_COMPILER_GLOBAL_ACCENT_COLOR_NAME = AccentColor;
				ASSETCATALOG_COMPILER_WIDGET_BACKGROUND_COLOR_NAME = WidgetBackground;
				CODE_SIGN_ENTITLEMENTS = ApiWidgetExtension.entitlements;
				CODE_SIGN_STYLE = Automatic;
				CURRENT_PROJECT_VERSION = 1;
				DEVELOPMENT_TEAM = 5DM28AP3A2;
				GCC_C_LANGUAGE_STANDARD = gnu11;
				GENERATE_INFOPLIST_FILE = YES;
				INFOPLIST_FILE = ApiWidget/Info.plist;
				INFOPLIST_KEY_CFBundleDisplayName = ApiWidget;
				INFOPLIST_KEY_NSHumanReadableCopyright = "";
				IPHONEOS_DEPLOYMENT_TARGET = 16.4;
				LD_RUNPATH_SEARCH_PATHS = (
					"$(inherited)",
					"@executable_path/Frameworks",
					"@executable_path/../../Frameworks",
				);
				MARKETING_VERSION = 1.0;
				PRODUCT_BUNDLE_IDENTIFIER = cn.cddchen.ApiBox.ApiWidget;
				PRODUCT_NAME = "$(TARGET_NAME)";
				SKIP_INSTALL = YES;
				SWIFT_EMIT_LOC_STRINGS = YES;
				SWIFT_OPTIMIZATION_LEVEL = "-O";
				SWIFT_VERSION = 5.0;
				TARGETED_DEVICE_FAMILY = "1,2";
			};
			name = Release;
		};
		6EC8F8622A837117003575D5 /* Debug */ = {
			isa = XCBuildConfiguration;
			buildSettings = {
				CODE_SIGN_ENTITLEMENTS = harFiles/harFiles.entitlements;
				CODE_SIGN_STYLE = Automatic;
				CURRENT_PROJECT_VERSION = 1;
				DEVELOPMENT_TEAM = 5DM28AP3A2;
				GENERATE_INFOPLIST_FILE = YES;
				INFOPLIST_FILE = harFiles/Info.plist;
				INFOPLIST_KEY_CFBundleDisplayName = harFiles;
				INFOPLIST_KEY_NSHumanReadableCopyright = "";
				IPHONEOS_DEPLOYMENT_TARGET = 17.0;
				LD_RUNPATH_SEARCH_PATHS = (
					"$(inherited)",
					"@executable_path/Frameworks",
					"@executable_path/../../Frameworks",
				);
				MARKETING_VERSION = 1.0;
				PRODUCT_BUNDLE_IDENTIFIER = cn.cddchen.ApiBox.harFiles;
				PRODUCT_NAME = "$(TARGET_NAME)";
				SKIP_INSTALL = YES;
				SWIFT_EMIT_LOC_STRINGS = YES;
				SWIFT_VERSION = 5.0;
				TARGETED_DEVICE_FAMILY = "1,2";
			};
			name = Debug;
		};
		6EC8F8632A837117003575D5 /* Release */ = {
			isa = XCBuildConfiguration;
			buildSettings = {
				CODE_SIGN_ENTITLEMENTS = harFiles/harFiles.entitlements;
				CODE_SIGN_STYLE = Automatic;
				CURRENT_PROJECT_VERSION = 1;
				DEVELOPMENT_TEAM = 5DM28AP3A2;
				GENERATE_INFOPLIST_FILE = YES;
				INFOPLIST_FILE = harFiles/Info.plist;
				INFOPLIST_KEY_CFBundleDisplayName = harFiles;
				INFOPLIST_KEY_NSHumanReadableCopyright = "";
				IPHONEOS_DEPLOYMENT_TARGET = 17.0;
				LD_RUNPATH_SEARCH_PATHS = (
					"$(inherited)",
					"@executable_path/Frameworks",
					"@executable_path/../../Frameworks",
				);
				MARKETING_VERSION = 1.0;
				PRODUCT_BUNDLE_IDENTIFIER = cn.cddchen.ApiBox.harFiles;
				PRODUCT_NAME = "$(TARGET_NAME)";
				SKIP_INSTALL = YES;
				SWIFT_EMIT_LOC_STRINGS = YES;
				SWIFT_VERSION = 5.0;
				TARGETED_DEVICE_FAMILY = "1,2";
			};
			name = Release;
		};
		6EF3DAA22A823825002084B2 /* Debug */ = {
			isa = XCBuildConfiguration;
			buildSettings = {
				ALWAYS_SEARCH_USER_PATHS = NO;
				ASSETCATALOG_COMPILER_GENERATE_SWIFT_ASSET_SYMBOL_EXTENSIONS = YES;
				CLANG_ANALYZER_NONNULL = YES;
				CLANG_ANALYZER_NUMBER_OBJECT_CONVERSION = YES_AGGRESSIVE;
				CLANG_CXX_LANGUAGE_STANDARD = "gnu++20";
				CLANG_ENABLE_MODULES = YES;
				CLANG_ENABLE_OBJC_ARC = YES;
				CLANG_ENABLE_OBJC_WEAK = YES;
				CLANG_WARN_BLOCK_CAPTURE_AUTORELEASING = YES;
				CLANG_WARN_BOOL_CONVERSION = YES;
				CLANG_WARN_COMMA = YES;
				CLANG_WARN_CONSTANT_CONVERSION = YES;
				CLANG_WARN_DEPRECATED_OBJC_IMPLEMENTATIONS = YES;
				CLANG_WARN_DIRECT_OBJC_ISA_USAGE = YES_ERROR;
				CLANG_WARN_DOCUMENTATION_COMMENTS = YES;
				CLANG_WARN_EMPTY_BODY = YES;
				CLANG_WARN_ENUM_CONVERSION = YES;
				CLANG_WARN_INFINITE_RECURSION = YES;
				CLANG_WARN_INT_CONVERSION = YES;
				CLANG_WARN_NON_LITERAL_NULL_CONVERSION = YES;
				CLANG_WARN_OBJC_IMPLICIT_RETAIN_SELF = YES;
				CLANG_WARN_OBJC_LITERAL_CONVERSION = YES;
				CLANG_WARN_OBJC_ROOT_CLASS = YES_ERROR;
				CLANG_WARN_QUOTED_INCLUDE_IN_FRAMEWORK_HEADER = YES;
				CLANG_WARN_RANGE_LOOP_ANALYSIS = YES;
				CLANG_WARN_STRICT_PROTOTYPES = YES;
				CLANG_WARN_SUSPICIOUS_MOVE = YES;
				CLANG_WARN_UNGUARDED_AVAILABILITY = YES_AGGRESSIVE;
				CLANG_WARN_UNREACHABLE_CODE = YES;
				CLANG_WARN__DUPLICATE_METHOD_MATCH = YES;
				COPY_PHASE_STRIP = NO;
				DEBUG_INFORMATION_FORMAT = dwarf;
				ENABLE_STRICT_OBJC_MSGSEND = YES;
				ENABLE_TESTABILITY = YES;
				ENABLE_USER_SCRIPT_SANDBOXING = YES;
				GCC_C_LANGUAGE_STANDARD = gnu17;
				GCC_DYNAMIC_NO_PIC = NO;
				GCC_NO_COMMON_BLOCKS = YES;
				GCC_OPTIMIZATION_LEVEL = 0;
				GCC_PREPROCESSOR_DEFINITIONS = (
					"DEBUG=1",
					"$(inherited)",
				);
				GCC_WARN_64_TO_32_BIT_CONVERSION = YES;
				GCC_WARN_ABOUT_RETURN_TYPE = YES_ERROR;
				GCC_WARN_UNDECLARED_SELECTOR = YES;
				GCC_WARN_UNINITIALIZED_AUTOS = YES_AGGRESSIVE;
				GCC_WARN_UNUSED_FUNCTION = YES;
				GCC_WARN_UNUSED_VARIABLE = YES;
				IPHONEOS_DEPLOYMENT_TARGET = 15.0;
				LOCALIZATION_PREFERS_STRING_CATALOGS = YES;
				MTL_ENABLE_DEBUG_INFO = INCLUDE_SOURCE;
				MTL_FAST_MATH = YES;
				ONLY_ACTIVE_ARCH = YES;
				SDKROOT = iphoneos;
				SWIFT_ACTIVE_COMPILATION_CONDITIONS = "DEBUG $(inherited)";
				SWIFT_OPTIMIZATION_LEVEL = "-Onone";
			};
			name = Debug;
		};
		6EF3DAA32A823825002084B2 /* Release */ = {
			isa = XCBuildConfiguration;
			buildSettings = {
				ALWAYS_SEARCH_USER_PATHS = NO;
				ASSETCATALOG_COMPILER_GENERATE_SWIFT_ASSET_SYMBOL_EXTENSIONS = YES;
				CLANG_ANALYZER_NONNULL = YES;
				CLANG_ANALYZER_NUMBER_OBJECT_CONVERSION = YES_AGGRESSIVE;
				CLANG_CXX_LANGUAGE_STANDARD = "gnu++20";
				CLANG_ENABLE_MODULES = YES;
				CLANG_ENABLE_OBJC_ARC = YES;
				CLANG_ENABLE_OBJC_WEAK = YES;
				CLANG_WARN_BLOCK_CAPTURE_AUTORELEASING = YES;
				CLANG_WARN_BOOL_CONVERSION = YES;
				CLANG_WARN_COMMA = YES;
				CLANG_WARN_CONSTANT_CONVERSION = YES;
				CLANG_WARN_DEPRECATED_OBJC_IMPLEMENTATIONS = YES;
				CLANG_WARN_DIRECT_OBJC_ISA_USAGE = YES_ERROR;
				CLANG_WARN_DOCUMENTATION_COMMENTS = YES;
				CLANG_WARN_EMPTY_BODY = YES;
				CLANG_WARN_ENUM_CONVERSION = YES;
				CLANG_WARN_INFINITE_RECURSION = YES;
				CLANG_WARN_INT_CONVERSION = YES;
				CLANG_WARN_NON_LITERAL_NULL_CONVERSION = YES;
				CLANG_WARN_OBJC_IMPLICIT_RETAIN_SELF = YES;
				CLANG_WARN_OBJC_LITERAL_CONVERSION = YES;
				CLANG_WARN_OBJC_ROOT_CLASS = YES_ERROR;
				CLANG_WARN_QUOTED_INCLUDE_IN_FRAMEWORK_HEADER = YES;
				CLANG_WARN_RANGE_LOOP_ANALYSIS = YES;
				CLANG_WARN_STRICT_PROTOTYPES = YES;
				CLANG_WARN_SUSPICIOUS_MOVE = YES;
				CLANG_WARN_UNGUARDED_AVAILABILITY = YES_AGGRESSIVE;
				CLANG_WARN_UNREACHABLE_CODE = YES;
				CLANG_WARN__DUPLICATE_METHOD_MATCH = YES;
				COPY_PHASE_STRIP = NO;
				DEBUG_INFORMATION_FORMAT = "dwarf-with-dsym";
				ENABLE_NS_ASSERTIONS = NO;
				ENABLE_STRICT_OBJC_MSGSEND = YES;
				ENABLE_USER_SCRIPT_SANDBOXING = YES;
				GCC_C_LANGUAGE_STANDARD = gnu17;
				GCC_NO_COMMON_BLOCKS = YES;
				GCC_WARN_64_TO_32_BIT_CONVERSION = YES;
				GCC_WARN_ABOUT_RETURN_TYPE = YES_ERROR;
				GCC_WARN_UNDECLARED_SELECTOR = YES;
				GCC_WARN_UNINITIALIZED_AUTOS = YES_AGGRESSIVE;
				GCC_WARN_UNUSED_FUNCTION = YES;
				GCC_WARN_UNUSED_VARIABLE = YES;
				IPHONEOS_DEPLOYMENT_TARGET = 15.0;
				LOCALIZATION_PREFERS_STRING_CATALOGS = YES;
				MTL_ENABLE_DEBUG_INFO = NO;
				MTL_FAST_MATH = YES;
				SDKROOT = iphoneos;
				SWIFT_COMPILATION_MODE = wholemodule;
				VALIDATE_PRODUCT = YES;
			};
			name = Release;
		};
		6EF3DAA52A823825002084B2 /* Debug */ = {
			isa = XCBuildConfiguration;
			buildSettings = {
				ALWAYS_EMBED_SWIFT_STANDARD_LIBRARIES = YES;
				ASSETCATALOG_COMPILER_APPICON_NAME = AppIcon;
				ASSETCATALOG_COMPILER_GLOBAL_ACCENT_COLOR_NAME = AccentColor;
				CODE_SIGN_ENTITLEMENTS = ApiBox/ApiBox.entitlements;
				CODE_SIGN_STYLE = Automatic;
				CURRENT_PROJECT_VERSION = 1;
				DEVELOPMENT_ASSET_PATHS = "\"ApiBox/Preview Content\"";
				DEVELOPMENT_TEAM = 5DM28AP3A2;
				ENABLE_PREVIEWS = YES;
				GENERATE_INFOPLIST_FILE = YES;
				INFOPLIST_FILE = ApiBox/Info.plist;
				INFOPLIST_KEY_UIApplicationSceneManifest_Generation = YES;
				INFOPLIST_KEY_UIApplicationSupportsIndirectInputEvents = YES;
				INFOPLIST_KEY_UILaunchScreen_Generation = YES;
				INFOPLIST_KEY_UISupportedInterfaceOrientations_iPad = "UIInterfaceOrientationPortrait UIInterfaceOrientationPortraitUpsideDown UIInterfaceOrientationLandscapeLeft UIInterfaceOrientationLandscapeRight";
				INFOPLIST_KEY_UISupportedInterfaceOrientations_iPhone = "UIInterfaceOrientationPortrait UIInterfaceOrientationLandscapeLeft UIInterfaceOrientationLandscapeRight";
				IPHONEOS_DEPLOYMENT_TARGET = 15.0;
				LD_RUNPATH_SEARCH_PATHS = (
					"$(inherited)",
					"@executable_path/Frameworks",
				);
				MARKETING_VERSION = 1.0;
				PRODUCT_BUNDLE_IDENTIFIER = cn.cddchen.ApiBox;
				PRODUCT_NAME = "$(TARGET_NAME)";
				SUPPORTED_PLATFORMS = "iphoneos iphonesimulator";
				SUPPORTS_MACCATALYST = NO;
				SUPPORTS_MAC_DESIGNED_FOR_IPHONE_IPAD = NO;
				SUPPORTS_XR_DESIGNED_FOR_IPHONE_IPAD = NO;
				SWIFT_EMIT_LOC_STRINGS = YES;
				SWIFT_VERSION = 5.0;
				TARGETED_DEVICE_FAMILY = "1,2";
			};
			name = Debug;
		};
		6EF3DAA62A823825002084B2 /* Release */ = {
			isa = XCBuildConfiguration;
			buildSettings = {
				ALWAYS_EMBED_SWIFT_STANDARD_LIBRARIES = YES;
				ASSETCATALOG_COMPILER_APPICON_NAME = AppIcon;
				ASSETCATALOG_COMPILER_GLOBAL_ACCENT_COLOR_NAME = AccentColor;
				CODE_SIGN_ENTITLEMENTS = ApiBox/ApiBox.entitlements;
				CODE_SIGN_STYLE = Automatic;
				CURRENT_PROJECT_VERSION = 1;
				DEVELOPMENT_ASSET_PATHS = "\"ApiBox/Preview Content\"";
				DEVELOPMENT_TEAM = 5DM28AP3A2;
				ENABLE_PREVIEWS = YES;
				GENERATE_INFOPLIST_FILE = YES;
				INFOPLIST_FILE = ApiBox/Info.plist;
				INFOPLIST_KEY_UIApplicationSceneManifest_Generation = YES;
				INFOPLIST_KEY_UIApplicationSupportsIndirectInputEvents = YES;
				INFOPLIST_KEY_UILaunchScreen_Generation = YES;
				INFOPLIST_KEY_UISupportedInterfaceOrientations_iPad = "UIInterfaceOrientationPortrait UIInterfaceOrientationPortraitUpsideDown UIInterfaceOrientationLandscapeLeft UIInterfaceOrientationLandscapeRight";
				INFOPLIST_KEY_UISupportedInterfaceOrientations_iPhone = "UIInterfaceOrientationPortrait UIInterfaceOrientationLandscapeLeft UIInterfaceOrientationLandscapeRight";
				IPHONEOS_DEPLOYMENT_TARGET = 15.0;
				LD_RUNPATH_SEARCH_PATHS = (
					"$(inherited)",
					"@executable_path/Frameworks",
				);
				MARKETING_VERSION = 1.0;
				PRODUCT_BUNDLE_IDENTIFIER = cn.cddchen.ApiBox;
				PRODUCT_NAME = "$(TARGET_NAME)";
				SUPPORTED_PLATFORMS = "iphoneos iphonesimulator";
				SUPPORTS_MACCATALYST = NO;
				SUPPORTS_MAC_DESIGNED_FOR_IPHONE_IPAD = NO;
				SUPPORTS_XR_DESIGNED_FOR_IPHONE_IPAD = NO;
				SWIFT_EMIT_LOC_STRINGS = YES;
				SWIFT_VERSION = 5.0;
				TARGETED_DEVICE_FAMILY = "1,2";
			};
			name = Release;
		};
/* End XCBuildConfiguration section */

/* Begin XCConfigurationList section */
		6E8B14B32ADAEF2000AF550B /* Build configuration list for PBXNativeTarget "ApiWidgetExtension" */ = {
			isa = XCConfigurationList;
			buildConfigurations = (
				6E8B14B12ADAEF2000AF550B /* Debug */,
				6E8B14B22ADAEF2000AF550B /* Release */,
			);
			defaultConfigurationIsVisible = 0;
			defaultConfigurationName = Release;
		};
		6EC8F8612A837117003575D5 /* Build configuration list for PBXNativeTarget "harFiles" */ = {
			isa = XCConfigurationList;
			buildConfigurations = (
				6EC8F8622A837117003575D5 /* Debug */,
				6EC8F8632A837117003575D5 /* Release */,
			);
			defaultConfigurationIsVisible = 0;
			defaultConfigurationName = Release;
		};
		6EF3DA912A82381F002084B2 /* Build configuration list for PBXProject "ApiBox" */ = {
			isa = XCConfigurationList;
			buildConfigurations = (
				6EF3DAA22A823825002084B2 /* Debug */,
				6EF3DAA32A823825002084B2 /* Release */,
			);
			defaultConfigurationIsVisible = 0;
			defaultConfigurationName = Release;
		};
		6EF3DAA42A823825002084B2 /* Build configuration list for PBXNativeTarget "ApiBox" */ = {
			isa = XCConfigurationList;
			buildConfigurations = (
				6EF3DAA52A823825002084B2 /* Debug */,
				6EF3DAA62A823825002084B2 /* Release */,
			);
			defaultConfigurationIsVisible = 0;
			defaultConfigurationName = Release;
		};
/* End XCConfigurationList section */
	};
	rootObject = 6EF3DA8E2A82381F002084B2 /* Project object */;
}
